{
  "name": "spartanprotocol-dappv2",
  "version": "0.1.0",
  "lockfileVersion": 1,
  "requires": true,
  "dependencies": {
    "resize-observer": {
      "version": "1.0.3",
      "resolved": "https://registry.npmjs.org/resize-observer/-/resize-observer-1.0.3.tgz",
      "integrity": "sha512-OlomP4hOcJTeKoiB90QvGWRelpresRrP+YrpmmE74V8WuiNkuc/X/r/qYMw35wCw1pJWb9hoRYUSHzau5znzAQ=="
    }
  }
}
